lockfileVersion: '9.0'

settings:
  autoInstallPeers: true
  excludeLinksFromLockfile: false

importers:

  .:
    dependencies:
      '@automerge/automerge':
        specifier: 3.5.0
        version: 3.5.0
      loro-crdt:
        specifier: 1.16.4
        version: 1.16.4
      yjs:
        specifier: 13.6.33
        version: 13.6.33

packages:

  '@automerge/automerge@3.5.0':
    resolution: {integrity: sha512-ejbqJWfXWM2QbTcUK/5ugYiQiyOP7LYVAp/RuSvthCc07oek0FClMxEuouuhjrLjVPDSI34RP1ftGc45PF7WRA==}

  isomorphic.js@0.2.5:
    resolution: {integrity: sha512-PIeMbHqMt4DnUP3MA/Flc0HElYjMXArsw1qwJZcm9sqR8mq3l8NYizFMty0pWwE/tzIGH3EKK5+jes5mAr85yw==}

  lib0@0.2.119:
    resolution: {integrity: sha512-vh+TiejVy8Xm+hCdnRfn9BthGNvNUZdEXltNjVZL3TzRIKP3s1lnQh8pWd/Q0wCgY0FPAGVVjFF4ZiHUV3LFgA==}
    engines: {node: '>=16'}
    hasBin: true

  loro-crdt@1.16.4:
    resolution: {integrity: sha512-UPufMpHSEMLRVjWfCjhVbOD8nkCDwxdfVk4Uer6xTEFAcNn+X+oGYWGgIIYuAgofc8UiI0ERZUIMnP7ib/kh6w==}

  yjs@13.6.33:
    resolution: {integrity: sha512-q/UYvr1gOk4XII+Cu1CW2dINjYqJJFifTzogEaIARznrvX7uOlHsdTEXcnOBMuIsrCGEEKdNxi74kyMLZlKVfw==}
    engines: {node: '>=16.0.0', npm: '>=8.0.0'}

snapshots:

  '@automerge/automerge@3.5.0': {}

  isomorphic.js@0.2.5: {}

  lib0@0.2.119:
    dependencies:
      isomorphic.js: 0.2.5

  loro-crdt@1.16.4: {}

  yjs@13.6.33:
    dependencies:
      lib0: 0.2.119
